
Microsoft Visual Studio Solution File, Format Version 12.00
# Visual Studio 15
VisualStudioVersion = 15.0.27703.2047
MinimumVisualStudioVersion = 10.0.40219.1
Project("{FAE04EC0-301F-11D3-BF4B-00C04F79EFBC}") = "ExportImportTool", "ExportImportTool\ExportImportTool.csproj", "{25031E32-DBCA-4D83-AF63-3CB871D6FD4B}"
EndProject
Project("{2150E333-8FDC-42A3-9474-1A3956D46DE8}") = "Tool.EF", "Tool.EF", "{53B03812-A7DB-4EED-AB19-7B75A7D38E42}"
EndProject
Project("{FAE04EC0-301F-11D3-BF4B-00C04F79EFBC}") = "Tool.EF.DbObject", "Tool.EF.DBObject\Tool.EF.DbObject.csproj", "{BE247A82-BC8D-4B0D-A05D-70293544A44F}"
EndProject
Project("{FAE04EC0-301F-11D3-BF4B-00C04F79EFBC}") = "Tool.EF.DbContext", "Tool.EF.DbContext\Tool.EF.DbContext.csproj", "{1CBA72EB-44BB-439F-A93A-A25FBCD1208F}"
EndProject
Project("{2150E333-8FDC-42A3-9474-1A3956D46DE8}") = "Tool.DbModel", "Tool.DbModel", "{47208861-0C5B-48D0-8183-04807C7A8A76}"
EndProject
Project("{FAE04EC0-301F-11D3-BF4B-00C04F79EFBC}") = "Tool.DbModel.Model", "Tool.DbModel.Model\Tool.DbModel.Model.csproj", "{A7A58F19-852D-4937-A50F-18799DD93DE0}"
EndProject
Project("{FAE04EC0-301F-11D3-BF4B-00C04F79EFBC}") = "Tool.DbModel.DTO", "Tool.DbModel.DTO\Tool.DbModel.DTO.csproj", "{D864FB1B-E71B-4A16-9AE2-5C1E499218CB}"
EndProject
Project("{2150E333-8FDC-42A3-9474-1A3956D46DE8}") = "Tool.Common", "Tool.Common", "{43A43B48-67CB-49AC-8AC2-0778BAE8FEFE}"
EndProject
Project("{FAE04EC0-301F-11D3-BF4B-00C04F79EFBC}") = "Tool.Common.CommonHelper", "Tool.Common.CommonHelper\Tool.Common.CommonHelper.csproj", "{B0753F1B-B172-4CBE-9189-3BD682B422E5}"
EndProject
Project("{2150E333-8FDC-42A3-9474-1A3956D46DE8}") = "Tool.ExportImport", "Tool.ExportImport", "{4FC441FC-17FD-45D4-9095-13E0B922676F}"
EndProject
Project("{FAE04EC0-301F-11D3-BF4B-00C04F79EFBC}") = "Tool.ExportImport.ExportImportHelper", "Tool.ExportImport.ExportImportHelper\Tool.ExportImport.ExportImportHelper.csproj", "{D9B7A779-4536-4F72-B016-E481795095D2}"
EndProject
Project("{2150E333-8FDC-42A3-9474-1A3956D46DE8}") = "Tool.BL", "Tool.BL", "{ADFC1E4B-1689-4C8A-B6E7-2ACC9A6A9F90}"
EndProject
Project("{2150E333-8FDC-42A3-9474-1A3956D46DE8}") = "Tool.DAL", "Tool.DAL", "{757DD6B7-A72D-4FF9-888B-2342AB518011}"
EndProject
Project("{FAE04EC0-301F-11D3-BF4B-00C04F79EFBC}") = "Tool.BL.BussinessLayer", "Tool.BL.BussinessLayer\Tool.BL.BussinessLayer.csproj", "{448C2793-753D-4D3A-A3BB-273923FCED37}"
EndProject
Project("{FAE04EC0-301F-11D3-BF4B-00C04F79EFBC}") = "Tool.DAL.DataAccessLayer", "Tool.DAL.DataAccessLayer\Tool.DAL.DataAccessLayer.csproj", "{709A7D3C-1F22-4C6B-9EC7-22C68E2D7879}"
EndProject
Project("{FAE04EC0-301F-11D3-BF4B-00C04F79EFBC}") = "Tool.BL.AOP", "Tool.BL.AOP\Tool.BL.AOP.csproj", "{E672B1C0-D5C6-4DC3-AAD5-B0E2B9225E8C}"
EndProject
Global
	GlobalSection(SolutionConfigurationPlatforms) = preSolution
		Debug|Any CPU = Debug|Any CPU
		Release|Any CPU = Release|Any CPU
	EndGlobalSection
	GlobalSection(ProjectConfigurationPlatforms) = postSolution
		{25031E32-DBCA-4D83-AF63-3CB871D6FD4B}.Debug|Any CPU.ActiveCfg = Debug|Any CPU
		{25031E32-DBCA-4D83-AF63-3CB871D6FD4B}.Debug|Any CPU.Build.0 = Debug|Any CPU
		{25031E32-DBCA-4D83-AF63-3CB871D6FD4B}.Release|Any CPU.ActiveCfg = Release|Any CPU
		{25031E32-DBCA-4D83-AF63-3CB871D6FD4B}.Release|Any CPU.Build.0 = Release|Any CPU
		{BE247A82-BC8D-4B0D-A05D-70293544A44F}.Debug|Any CPU.ActiveCfg = Debug|Any CPU
		{BE247A82-BC8D-4B0D-A05D-70293544A44F}.Debug|Any CPU.Build.0 = Debug|Any CPU
		{BE247A82-BC8D-4B0D-A05D-70293544A44F}.Release|Any CPU.ActiveCfg = Release|Any CPU
		{BE247A82-BC8D-4B0D-A05D-70293544A44F}.Release|Any CPU.Build.0 = Release|Any CPU
		{1CBA72EB-44BB-439F-A93A-A25FBCD1208F}.Debug|Any CPU.ActiveCfg = Debug|Any CPU
		{1CBA72EB-44BB-439F-A93A-A25FBCD1208F}.Debug|Any CPU.Build.0 = Debug|Any CPU
		{1CBA72EB-44BB-439F-A93A-A25FBCD1208F}.Release|Any CPU.ActiveCfg = Release|Any CPU
		{1CBA72EB-44BB-439F-A93A-A25FBCD1208F}.Release|Any CPU.Build.0 = Release|Any CPU
		{A7A58F19-852D-4937-A50F-18799DD93DE0}.Debug|Any CPU.ActiveCfg = Debug|Any CPU
		{A7A58F19-852D-4937-A50F-18799DD93DE0}.Debug|Any CPU.Build.0 = Debug|Any CPU
		{A7A58F19-852D-4937-A50F-18799DD93DE0}.Release|Any CPU.ActiveCfg = Release|Any CPU
		{A7A58F19-852D-4937-A50F-18799DD93DE0}.Release|Any CPU.Build.0 = Release|Any CPU
		{D864FB1B-E71B-4A16-9AE2-5C1E499218CB}.Debug|Any CPU.ActiveCfg = Debug|Any CPU
		{D864FB1B-E71B-4A16-9AE2-5C1E499218CB}.Debug|Any CPU.Build.0 = Debug|Any CPU
		{D864FB1B-E71B-4A16-9AE2-5C1E499218CB}.Release|Any CPU.ActiveCfg = Release|Any CPU
		{D864FB1B-E71B-4A16-9AE2-5C1E499218CB}.Release|Any CPU.Build.0 = Release|Any CPU
		{B0753F1B-B172-4CBE-9189-3BD682B422E5}.Debug|Any CPU.ActiveCfg = Debug|Any CPU
		{B0753F1B-B172-4CBE-9189-3BD682B422E5}.Debug|Any CPU.Build.0 = Debug|Any CPU
		{B0753F1B-B172-4CBE-9189-3BD682B422E5}.Release|Any CPU.ActiveCfg = Release|Any CPU
		{B0753F1B-B172-4CBE-9189-3BD682B422E5}.Release|Any CPU.Build.0 = Release|Any CPU
		{D9B7A779-4536-4F72-B016-E481795095D2}.Debug|Any CPU.ActiveCfg = Debug|Any CPU
		{D9B7A779-4536-4F72-B016-E481795095D2}.Debug|Any CPU.Build.0 = Debug|Any CPU
		{D9B7A779-4536-4F72-B016-E481795095D2}.Release|Any CPU.ActiveCfg = Release|Any CPU
		{D9B7A779-4536-4F72-B016-E481795095D2}.Release|Any CPU.Build.0 = Release|Any CPU
		{448C2793-753D-4D3A-A3BB-273923FCED37}.Debug|Any CPU.ActiveCfg = Debug|Any CPU
		{448C2793-753D-4D3A-A3BB-273923FCED37}.Debug|Any CPU.Build.0 = Debug|Any CPU
		{448C2793-753D-4D3A-A3BB-273923FCED37}.Release|Any CPU.ActiveCfg = Release|Any CPU
		{448C2793-753D-4D3A-A3BB-273923FCED37}.Release|Any CPU.Build.0 = Release|Any CPU
		{709A7D3C-1F22-4C6B-9EC7-22C68E2D7879}.Debug|Any CPU.ActiveCfg = Debug|Any CPU
		{709A7D3C-1F22-4C6B-9EC7-22C68E2D7879}.Debug|Any CPU.Build.0 = Debug|Any CPU
		{709A7D3C-1F22-4C6B-9EC7-22C68E2D7879}.Release|Any CPU.ActiveCfg = Release|Any CPU
		{709A7D3C-1F22-4C6B-9EC7-22C68E2D7879}.Release|Any CPU.Build.0 = Release|Any CPU
		{E672B1C0-D5C6-4DC3-AAD5-B0E2B9225E8C}.Debug|Any CPU.ActiveCfg = Debug|Any CPU
		{E672B1C0-D5C6-4DC3-AAD5-B0E2B9225E8C}.Debug|Any CPU.Build.0 = Debug|Any CPU
		{E672B1C0-D5C6-4DC3-AAD5-B0E2B9225E8C}.Release|Any CPU.ActiveCfg = Release|Any CPU
		{E672B1C0-D5C6-4DC3-AAD5-B0E2B9225E8C}.Release|Any CPU.Build.0 = Release|Any CPU
	EndGlobalSection
	GlobalSection(SolutionProperties) = preSolution
		HideSolutionNode = FALSE
	EndGlobalSection
	GlobalSection(NestedProjects) = preSolution
		{BE247A82-BC8D-4B0D-A05D-70293544A44F} = {53B03812-A7DB-4EED-AB19-7B75A7D38E42}
		{1CBA72EB-44BB-439F-A93A-A25FBCD1208F} = {53B03812-A7DB-4EED-AB19-7B75A7D38E42}
		{A7A58F19-852D-4937-A50F-18799DD93DE0} = {47208861-0C5B-48D0-8183-04807C7A8A76}
		{D864FB1B-E71B-4A16-9AE2-5C1E499218CB} = {47208861-0C5B-48D0-8183-04807C7A8A76}
		{B0753F1B-B172-4CBE-9189-3BD682B422E5} = {43A43B48-67CB-49AC-8AC2-0778BAE8FEFE}
		{D9B7A779-4536-4F72-B016-E481795095D2} = {4FC441FC-17FD-45D4-9095-13E0B922676F}
		{448C2793-753D-4D3A-A3BB-273923FCED37} = {ADFC1E4B-1689-4C8A-B6E7-2ACC9A6A9F90}
		{709A7D3C-1F22-4C6B-9EC7-22C68E2D7879} = {757DD6B7-A72D-4FF9-888B-2342AB518011}
		{E672B1C0-D5C6-4DC3-AAD5-B0E2B9225E8C} = {ADFC1E4B-1689-4C8A-B6E7-2ACC9A6A9F90}
	EndGlobalSection
	GlobalSection(ExtensibilityGlobals) = postSolution
		SolutionGuid = {2730FD05-E38E-4B87-8491-66825BEE07D8}
	EndGlobalSection
EndGlobal
